{
  "name": "@fitlab-ai/agent-infra",
  "version": "0.3.2",
  "lockfileVersion": 3,
  "requires": true,
  "packages": {
    "": {
      "name": "@fitlab-ai/agent-infra",
      "version": "0.3.2",
      "license": "MIT",
      "bin": {
        "agent-infra": "bin/cli.js",
        "ai": "bin/cli.js"
      },
      "engines": {
        "node": ">=18"
      }
    }
  }
}
